
Microsoft Visual Studio Solution File, Format Version 12.00
Project("{FAE04EC0-301F-11D3-BF4B-00C04F79EFBC}") = "BazarBin", "BazarBin\BazarBin.csproj", "{7799988E-2376-4145-9B17-D3BC39008F43}"
EndProject
Project("{2150E333-8FDC-42A3-9474-1A3956D46DE8}") = "Solution Items", "Solution Items", "{3E5475A4-905C-4BAA-A705-00A7AC9F1334}"
	ProjectSection(SolutionItems) = preProject
		docker-compose.yml = docker-compose.yml
		Directory.Build.props = Directory.Build.props
	EndProjectSection
EndProject
Project("{FAE04EC0-301F-11D3-BF4B-00C04F79EFBC}") = "BazarBin.Mcp.Server", "BazarBin.Mcp.Server\BazarBin.Mcp.Server.csproj", "{7791E5A3-C73D-416F-A1F4-491D8E6A789C}"
EndProject
Project("{FAE04EC0-301F-11D3-BF4B-00C04F79EFBC}") = "BazarBin.Tests", "BazarBin.Tests\BazarBin.Tests.csproj", "{D37C3B87-6ECF-4D0A-9E9C-1A1DADDDC2F2}"
EndProject
Global
	GlobalSection(SolutionConfigurationPlatforms) = preSolution
		Debug|Any CPU = Debug|Any CPU
		Release|Any CPU = Release|Any CPU
	EndGlobalSection
	GlobalSection(ProjectConfigurationPlatforms) = postSolution
		{7799988E-2376-4145-9B17-D3BC39008F43}.Debug|Any CPU.ActiveCfg = Debug|Any CPU
		{7799988E-2376-4145-9B17-D3BC39008F43}.Debug|Any CPU.Build.0 = Debug|Any CPU
		{7799988E-2376-4145-9B17-D3BC39008F43}.Release|Any CPU.ActiveCfg = Release|Any CPU
		{7799988E-2376-4145-9B17-D3BC39008F43}.Release|Any CPU.Build.0 = Release|Any CPU
																{7791E5A3-C73D-416F-A1F4-491D8E6A789C}.Debug|Any CPU.ActiveCfg = Debug|Any CPU
																{7791E5A3-C73D-416F-A1F4-491D8E6A789C}.Debug|Any CPU.Build.0 = Debug|Any CPU
																{7791E5A3-C73D-416F-A1F4-491D8E6A789C}.Release|Any CPU.ActiveCfg = Release|Any CPU
																{7791E5A3-C73D-416F-A1F4-491D8E6A789C}.Release|Any CPU.Build.0 = Release|Any CPU
																{D37C3B87-6ECF-4D0A-9E9C-1A1DADDDC2F2}.Debug|Any CPU.ActiveCfg = Debug|Any CPU
																{D37C3B87-6ECF-4D0A-9E9C-1A1DADDDC2F2}.Debug|Any CPU.Build.0 = Debug|Any CPU
																{D37C3B87-6ECF-4D0A-9E9C-1A1DADDDC2F2}.Release|Any CPU.ActiveCfg = Release|Any CPU
																{D37C3B87-6ECF-4D0A-9E9C-1A1DADDDC2F2}.Release|Any CPU.Build.0 = Release|Any CPU
	EndGlobalSection
EndGlobal
